
Microsoft Visual Studio Solution File, Format Version 12.00
# Visual Studio 15
VisualStudioVersion = 15.0.34526.175
MinimumVisualStudioVersion = 10.0.40219.1
Project("{FAE04EC0-301F-11D3-BF4B-00C04F79EFBC}") = "MvcStok", "MvcStok\MvcStok.csproj", "{84B2DBAC-D9B2-4C2F-A909-AAFEFCFB4FEA}"
EndProject
Global
	GlobalSection(SolutionConfigurationPlatforms) = preSolution
		Debug|Any CPU = Debug|Any CPU
		Release|Any CPU = Release|Any CPU
	EndGlobalSection
	GlobalSection(ProjectConfigurationPlatforms) = postSolution
		{84B2DBAC-D9B2-4C2F-A909-AAFEFCFB4FEA}.Debug|Any CPU.ActiveCfg = Debug|Any CPU
		{84B2DBAC-D9B2-4C2F-A909-AAFEFCFB4FEA}.Debug|Any CPU.Build.0 = Debug|Any CPU
		{84B2DBAC-D9B2-4C2F-A909-AAFEFCFB4FEA}.Release|Any CPU.ActiveCfg = Release|Any CPU
		{84B2DBAC-D9B2-4C2F-A909-AAFEFCFB4FEA}.Release|Any CPU.Build.0 = Release|Any CPU
	EndGlobalSection
	GlobalSection(SolutionProperties) = preSolution
		HideSolutionNode = FALSE
	EndGlobalSection
	GlobalSection(ExtensibilityGlobals) = postSolution
		SolutionGuid = {BA61329D-E039-4097-9473-63E45DDDACEE}
	EndGlobalSection
EndGlobal
